hash: 3a49e924edb2c2f883a26cecf3dfc8f87c1599488a2516fb02d3ce25d81c747d
updated: 2018-08-29T17:56:55.03268+01:00
imports:
- name: github.com/buger/jsonparser
  version: f4dd9f5a6b441265aefc1d44872a6f8c10f42b37
- name: github.com/go-stack/stack
  version: 2fee6af1a9795aafbe0253a0cfbdf668e1fb8a9a
- name: github.com/golang/snappy
  version: 2e65f85255dbc3072edf28d6b5b8efc472979f5a
- name: github.com/gorilla/context
  version: 08b5f424b9271eedf6f9f0ce86cb9396ed337a42
- name: github.com/gorilla/mux
  version: e3702bed27f0d39777b0b37b664b6280e8ef8fbf
- name: github.com/mongodb/mongo-go-driver
  version: e3f321c2848b138976cf8c6143aab9702e2b2fc6
  subpackages:
  - bson
  - bson/builder
  - bson/decimal
  - bson/elements
  - bson/objectid
  - bson/parser
  - bson/parser/ast
  - core/address
  - core/auth
  - core/auth/internal/gssapi
  - core/command
  - core/compressor
  - core/connection
  - core/connstring
  - core/description
  - core/dispatch
  - core/event
  - core/option
  - core/readconcern
  - core/readpref
  - core/result
  - core/session
  - core/tag
  - core/topology
  - core/uuid
  - core/version
  - core/wiremessage
  - core/writeconcern
  - internal
  - mongo
  - mongo/aggregateopt
  - mongo/changestreamopt
  - mongo/clientopt
  - mongo/collectionopt
  - mongo/countopt
  - mongo/dbopt
  - mongo/deleteopt
  - mongo/distinctopt
  - mongo/dropcollopt
  - mongo/findopt
  - mongo/indexopt
  - mongo/insertopt
  - mongo/listcollectionopt
  - mongo/listdbopt
  - mongo/mongoopt
  - mongo/replaceopt
  - mongo/runcmdopt
  - mongo/sessionopt
  - mongo/transactionopt
  - mongo/updateopt
- name: github.com/satori/go.uuid
  version: f58768cc1a7a7e77a3bd49e98cdd21419399b6a3
- name: github.com/xdg/scram
  version: 7eeb5667e42c09cb51bf7b7c28aea8c56767da90
- name: github.com/xdg/stringprep
  version: 73f8eece6fdcd902c185bf651de50f3828bed5ed
- name: golang.org/x/crypto
  version: 614d502a4dac94afa3a6ce146bd1736da82514c6
  subpackages:
  - pbkdf2
- name: golang.org/x/net
  version: 8a410e7b638dca158bf9e766925842f6651ff828
  subpackages:
  - context
- name: golang.org/x/sync
  version: 1d60e4601c6fd243af51cc01ddf169918a5407ca
  subpackages:
  - semaphore
- name: golang.org/x/text
  version: 6e3c4e7365ddcc329f090f96e4348398f6310088
  subpackages:
  - transform
  - unicode/norm
testImports: []
